{
  "lockfile_version": "1",
  "packages": {
    "cargo@latest": {
      "last_modified": "2023-09-27T18:02:17Z",
      "resolved": "github:NixOS/nixpkgs/517501bcf14ae6ec47efd6a17dda0ca8e6d866f9#cargo",
      "source": "devbox-search",
      "version": "1.72.0",
      "systems": {
        "aarch64-darwin": {
          "store_path": "/nix/store/8mdcavvgk4jf5blq6mspls97iki29l38-cargo-1.72.0"
        },
        "aarch64-linux": {
          "store_path": "/nix/store/6ki98dyzaq54nbpcwrald7ji8n37vhai-cargo-1.72.0"
        },
        "x86_64-darwin": {
          "store_path": "/nix/store/i59ad991wh2xi7fy3dq6ncjra7pv3rcm-cargo-1.72.0"
        },
        "x86_64-linux": {
          "store_path": "/nix/store/9vxskkmmmqh2r72x63g2rr7vf93da577-cargo-1.72.0"
        }
      }
    },
    "docker-compose@latest": {
      "last_modified": "2023-09-27T18:02:17Z",
      "resolved": "github:NixOS/nixpkgs/517501bcf14ae6ec47efd6a17dda0ca8e6d866f9#docker-compose",
      "source": "devbox-search",
      "version": "2.21.0",
      "systems": {
        "aarch64-darwin": {
          "store_path": "/nix/store/0b8pr63npfilr122amnsagzbs30lk420-docker-compose-2.21.0"
        },
        "aarch64-linux": {
          "store_path": "/nix/store/z37mm1r5g0z56y3m96rsyz4m7k8rahni-docker-compose-2.21.0"
        },
        "x86_64-darwin": {
          "store_path": "/nix/store/nhgkwsjhiij70agznpbhx5mh1a1v2mjy-docker-compose-2.21.0"
        },
        "x86_64-linux": {
          "store_path": "/nix/store/n2vg8v76r9izwilsggrn6szdq15jjl7n-docker-compose-2.21.0"
        }
      }
    },
    "docker@latest": {
      "last_modified": "2023-10-19T22:57:55Z",
      "resolved": "github:NixOS/nixpkgs/d042a296139c6a111be3e3d5dc9ef6783b5e7c16#docker",
      "source": "devbox-search",
      "version": "20.10.26",
      "systems": {
        "aarch64-darwin": {
          "store_path": "/nix/store/hkn2hq2bdxzzarlg0h66d7p6lgvrcqaj-docker-20.10.26"
        },
        "aarch64-linux": {
          "store_path": "/nix/store/3p8k7zjm9d9zr6wzcx56953rsab4my3m-docker-20.10.26"
        },
        "x86_64-darwin": {
          "store_path": "/nix/store/6i1y1zfqi017d1b7icagd9ywmw3rfqrl-docker-20.10.26"
        },
        "x86_64-linux": {
          "store_path": "/nix/store/kg5sf0d7rz84vvdc9fm96yc3jmrz91r1-docker-20.10.26"
        }
      }
    },
    "fd@latest": {
      "last_modified": "2023-10-21T19:15:59Z",
      "resolved": "github:NixOS/nixpkgs/51d906d2341c9e866e48c2efcaac0f2d70bfd43e#fd",
      "source": "devbox-search",
      "version": "8.7.1",
      "systems": {
        "aarch64-darwin": {
          "store_path": "/nix/store/qyby4f90rmax54dx9dd0hd1b1gxk9sdn-fd-8.7.1"
        },
        "aarch64-linux": {
          "store_path": "/nix/store/jxiq78i19yxb1zma70qa24shv56nzs66-fd-8.7.1"
        },
        "x86_64-darwin": {
          "store_path": "/nix/store/56ib29ks38a8asmxvmrzwyhmnj6bjjvf-fd-8.7.1"
        },
        "x86_64-linux": {
          "store_path": "/nix/store/yk3jj718gi32bxs3rs8wm34z42axcdsb-fd-8.7.1"
        }
      }
    },
    "git@latest": {
      "last_modified": "2023-10-07T06:43:49Z",
      "resolved": "github:NixOS/nixpkgs/2de1be5b51c3d6fa833f1c1f222dc867dd054b31#git",
      "source": "devbox-search",
      "version": "2.42.0",
      "systems": {
        "aarch64-darwin": {
          "store_path": "/nix/store/kwpgj2rpza5i43jmvxx2d6rya5ay92pc-git-2.42.0"
        },
        "aarch64-linux": {
          "store_path": "/nix/store/l1572f7d81n8wmqdf899kk3kmpdb0amf-git-2.42.0"
        },
        "x86_64-darwin": {
          "store_path": "/nix/store/r7la50prsws136rj6ynj0vp3pwws0yly-git-2.42.0"
        },
        "x86_64-linux": {
          "store_path": "/nix/store/7smkn8cidx17la9ny5vfvghrwfxwbrny-git-2.42.0"
        }
      }
    },
    "lazygit@latest": {
      "last_modified": "2023-09-27T18:02:17Z",
      "resolved": "github:NixOS/nixpkgs/517501bcf14ae6ec47efd6a17dda0ca8e6d866f9#lazygit",
      "source": "devbox-search",
      "version": "0.40.2",
      "systems": {
        "aarch64-darwin": {
          "store_path": "/nix/store/qfb0lj2dzx3hcf6nkizh0zalzp3jfgpj-lazygit-0.40.2"
        },
        "aarch64-linux": {
          "store_path": "/nix/store/l21vapfi1cyy0qflzv58yfsyp98whzws-lazygit-0.40.2"
        },
        "x86_64-darwin": {
          "store_path": "/nix/store/v1wzsjs6bpgl54qiyi7rsvsrbiafdh1i-lazygit-0.40.2"
        },
        "x86_64-linux": {
          "store_path": "/nix/store/bla8nsbr9pbp63ss69djhr1bqg4q3ivi-lazygit-0.40.2"
        }
      }
    },
    "neovim@0.9.4": {
      "last_modified": "2023-10-11T07:26:37Z",
      "resolved": "github:NixOS/nixpkgs/01441e14af5e29c9d27ace398e6dd0b293e25a54#neovim",
      "source": "devbox-search",
      "version": "0.9.4",
      "systems": {
        "aarch64-darwin": {
          "store_path": "/nix/store/vprp925jrhirrf5x3r519hinr96lzg6f-neovim-0.9.4"
        },
        "aarch64-linux": {
          "store_path": "/nix/store/qav4vjsw79xlvilqd1cz2af0pab8mbal-neovim-0.9.4"
        },
        "x86_64-darwin": {
          "store_path": "/nix/store/7w8cpp2vz837xn2fqr5wziidladj710m-neovim-0.9.4"
        },
        "x86_64-linux": {
          "store_path": "/nix/store/gb7kzgdx8bs3h91rh1ik35xzdpyy3792-neovim-0.9.4"
        }
      }
    },
    "nodenv@latest": {
      "last_modified": "2023-09-27T18:02:17Z",
      "resolved": "github:NixOS/nixpkgs/517501bcf14ae6ec47efd6a17dda0ca8e6d866f9#nodenv",
      "source": "devbox-search",
      "version": "1.4.1",
      "systems": {
        "aarch64-darwin": {
          "store_path": "/nix/store/iisifajkkw6dasgiaq92pz7pggjj8w23-nodenv-1.4.1"
        },
        "aarch64-linux": {
          "store_path": "/nix/store/15dhds9qipzg25gmlk0xsd0sn9n03nlb-nodenv-1.4.1"
        },
        "x86_64-darwin": {
          "store_path": "/nix/store/vzaq0ik4sn3cr2zc6riaixs6k9k3d53q-nodenv-1.4.1"
        },
        "x86_64-linux": {
          "store_path": "/nix/store/rcx5lixgi9bjsb18g7ax0h8s649wns0m-nodenv-1.4.1"
        }
      }
    },
    "php@8.3.0RC4": {
      "last_modified": "2023-10-15T14:24:03Z",
      "plugin_version": "0.0.2",
      "resolved": "github:NixOS/nixpkgs/12bdeb01ff9e2d3917e6a44037ed7df6e6c3df9d#php83",
      "source": "devbox-search",
      "version": "8.3.0RC4",
      "systems": {
        "aarch64-darwin": {
          "store_path": "/nix/store/fsgpmks2v2zyslkgziw2a0c4ci3kh5x3-php-with-extensions-8.3.0RC4"
        },
        "aarch64-linux": {
          "store_path": "/nix/store/ha62lsc58gz33xd7qp5zkbr60impwl5h-php-with-extensions-8.3.0RC4"
        },
        "x86_64-darwin": {
          "store_path": "/nix/store/b6iks64fdm4z61bq3mzwsl1gn8sbdj4a-php-with-extensions-8.3.0RC4"
        },
        "x86_64-linux": {
          "store_path": "/nix/store/icc61fblszcm4g9jai7ypxipilacxnmf-php-with-extensions-8.3.0RC4"
        }
      }
    },
    "phpactor@2023.08.06-1": {
      "last_modified": "2023-10-18T11:35:39Z",
      "resolved": "github:NixOS/nixpkgs/af421ccb0ab04bf1b7b0f8f73ca278e5863f63a4#phpactor",
      "source": "devbox-search",
      "version": "2023.08.06-1",
      "systems": {
        "aarch64-darwin": {
          "store_path": "/nix/store/bjz3105k12vim4ypishfjv0za0yf6wq2-phpactor-2023.08.06-1"
        },
        "aarch64-linux": {
          "store_path": "/nix/store/by243djb3ld3i4lv6q09wx5qx37gjdz5-phpactor-2023.08.06-1"
        },
        "x86_64-darwin": {
          "store_path": "/nix/store/bxcjmyqhb2xhb2c9pqqza1mbxhhl2cy3-phpactor-2023.08.06-1"
        },
        "x86_64-linux": {
          "store_path": "/nix/store/alj2h68b5xyshnp181iwp1393inb3v0g-phpactor-2023.08.06-1"
        }
      }
    },
    "ripgrep@latest": {
      "last_modified": "2023-09-27T18:02:17Z",
      "resolved": "github:NixOS/nixpkgs/517501bcf14ae6ec47efd6a17dda0ca8e6d866f9#ripgrep",
      "source": "devbox-search",
      "version": "13.0.0",
      "systems": {
        "aarch64-darwin": {
          "store_path": "/nix/store/sp9kjwv3w70fmqif654bvvi536nkk1p4-ripgrep-13.0.0"
        },
        "aarch64-linux": {
          "store_path": "/nix/store/6gd2yc165816xn81grr8q1401jhgk6mj-ripgrep-13.0.0"
        },
        "x86_64-darwin": {
          "store_path": "/nix/store/86sbapczh5mwpsjxjzv0yiyyk7knnjyl-ripgrep-13.0.0"
        },
        "x86_64-linux": {
          "store_path": "/nix/store/pdi30qh576mpk6bjmixkgvqls481cj15-ripgrep-13.0.0"
        }
      }
    },
    "xclip@latest": {
      "last_modified": "2023-09-27T18:02:17Z",
      "resolved": "github:NixOS/nixpkgs/517501bcf14ae6ec47efd6a17dda0ca8e6d866f9#xclip",
      "source": "devbox-search",
      "version": "0.13",
      "systems": {
        "aarch64-darwin": {
          "store_path": "/nix/store/0s2kx99f6crlrirl11kzmdcm4jr0jy8c-xclip-0.13"
        },
        "aarch64-linux": {
          "store_path": "/nix/store/5vgh50lshbhgcrvpqd018dzizk3h70wz-xclip-0.13"
        },
        "x86_64-darwin": {
          "store_path": "/nix/store/796qq1hp24r4dlfi5w3n4z59wlp87ii0-xclip-0.13"
        },
        "x86_64-linux": {
          "store_path": "/nix/store/hy2zn9h5cmvwhyckqcjsdb19ng2jnqyl-xclip-0.13"
        }
      }
    }
  }
}
